
Microsoft Visual Studio Solution File, Format Version 12.00
# Visual Studio Version 17
VisualStudioVersion = 17.3.32922.545
MinimumVisualStudioVersion = 10.0.40219.1
Project("{FAE04EC0-301F-11D3-BF4B-00C04F79EFBC}") = "ModelStergere", "ModelStergere\ModelStergere.csproj", "{1C91EEEB-30C4-4811-B26C-01CD8AC5C9B9}"
EndProject
Global
	GlobalSection(SolutionConfigurationPlatforms) = preSolution
		Debug|Any CPU = Debug|Any CPU
		Release|Any CPU = Release|Any CPU
	EndGlobalSection
	GlobalSection(ProjectConfigurationPlatforms) = postSolution
		{1C91EEEB-30C4-4811-B26C-01CD8AC5C9B9}.Debug|Any CPU.ActiveCfg = Debug|Any CPU
		{1C91EEEB-30C4-4811-B26C-01CD8AC5C9B9}.Debug|Any CPU.Build.0 = Debug|Any CPU
		{1C91EEEB-30C4-4811-B26C-01CD8AC5C9B9}.Release|Any CPU.ActiveCfg = Release|Any CPU
		{1C91EEEB-30C4-4811-B26C-01CD8AC5C9B9}.Release|Any CPU.Build.0 = Release|Any CPU
	EndGlobalSection
	GlobalSection(SolutionProperties) = preSolution
		HideSolutionNode = FALSE
	EndGlobalSection
	GlobalSection(ExtensibilityGlobals) = postSolution
		SolutionGuid = {FE3482AF-D8AB-4A94-9CFB-5CD12AE9C758}
	EndGlobalSection
EndGlobal
